cloud.google.com/go/dlp v1.10.1 h1:tF3wsJ2QulRhRLWPzWVkeDz3FkOGVoMl6cmDUHtfYxw=
cloud.google.com/go/dlp v1.10.1/go.mod h1:IM8BWz1iJd8njcNcG0+Kyd9OPnqnRNkDV8j42VT5KOI=
github.com/BurntSushi/toml v1.2.1 h1:9F2/+DoOYIOksmaJFPw1tGFy1eDnIJXg+UHjuD8lTak=
github.com/BurntSushi/toml v1.2.1/go.mod h1:CxXYINrC8qIiEnFrOxCa7Jy5BFHlXnUU2pbicEuybxQ=
github.com/benbjohnson/clock v1.1.0 h1:Q92kusRqC1XV2MjkWETPvjJVqKetz1OzxZB7mHJLju8=
github.com/benbjohnson/clock v1.1.0/go.mod h1:J11/hYXuz8f4ySSvYwY0FKfm+ezbsZBKZxNJlLklBHA=
github.com/client9/misspell v0.3.4 h1:ta993UF76GwbvJcIo3Y68y/M3WxlpEHPWIGDkJYwzJI=
github.com/client9/misspell v0.3.4/go.mod h1:qj6jICC3Q7zFZvVWo7KLAzC3yx5G7kyvSDkc90ppPyw=
github.com/davecgh/go-spew v1.1.0/go.mod h1:J7Y8YcW2NihsgmVo/mv3lAwl/skON4iLHjSsI+c5H38=
github.com/davecgh/go-spew v1.1.1 h1:vj9j/u1bqnvCEfJOwUhtlOARqs3+rkHYY13jYWTU97c=
github.com/davecgh/go-spew v1.1.1/go.mod h1:J7Y8YcW2NihsgmVo/mv3lAwl/skON4iLHjSsI+c5H38=
github.com/flosch/pongo2/v6 v6.0.0 h1:lsGru8IAzHgIAw6H2m4PCyleO58I40ow6apih0WprMU=
github.com/flosch/pongo2/v6 v6.0.0/go.mod h1:CuDpFm47R0uGGE7z13/tTlt1Y6zdxvr2RLT5LJhsHEU=
github.com/gogo/protobuf v1.3.2 h1:Ov1cvc58UF3b5XjBnZv7+opcTcQFZebYjWzi34vdm4Q=
github.com/gogo/protobuf v1.3.2/go.mod h1:P1XiOD3dCwIKUDQYPy72D8LYyHL2YPYrpS2s69NZV8Q=
github.com/golang/glog v1.1.1 h1:jxpi2eWoU84wbX9iIEyAeeoac3FLuifZpY9tcNUD9kw=
github.com/golang/glog v1.1.1/go.mod h1:zR+okUeTbrL6EL3xHUDxZuEtGv04p5shwip1+mL/rLQ=
github.com/golang/protobuf v1.5.0/go.mod h1:FsONVRAS9T7sI+LIUmWTfcYkHO4aIWwzhcaSAoJOfIk=
github.com/golang/protobuf v1.5.3 h1:KhyjKVUg7Usr/dYsdSqoFveMYd5ko72D+zANwlG1mmg=
github.com/golang/protobuf v1.5.3/go.mod h1:XVQd3VNwM+JqD3oG2Ue2ip4fOMUkwXdXDdiuN0vRsmY=
github.com/google/go-cmp v0.5.5/go.mod h1:v8dTdLbMG2kIc/vJvl+f65V22dbkXbowE6jgT/gNBxE=
github.com/google/go-cmp v0.5.9 h1:O2Tfq5qg4qc4AmwVlvv0oLiVAGB7enBSJ2x2DqQFi38=
github.com/google/go-cmp v0.5.9/go.mod h1:17dUlkBOakJ0+DkrSSNjCkIjxS6bF9zb3elmeNGIjoY=
github.com/iancoleman/strcase v0.2.0 h1:05I4QRnGpI0m37iZQRuskXh+w77mr6Z41lwQzuHLwW0=
github.com/iancoleman/strcase v0.2.0/go.mod h1:iwCmte+B7n89clKwxIoIXy/HfoL7AsD47ZCWhYzw7ho=
github.com/kisielk/errcheck v1.5.0/go.mod h1:pFxgyoBC7bSaBwPgfKdkLd5X25qrDl4LWUI2bnpBCr8=
github.com/kisielk/gotool v1.0.0/go.mod h1:XhKaO+MFFWcvkIS/tQcRk01m1F5IRFswLeQ+oQHNcck=
github.com/kr/pretty v0.2.1 h1:Fmg33tUaq4/8ym9TJN1x7sLJnHVwhP33CNkpYV/7rwI=
github.com/kr/pretty v0.2.1/go.mod h1:ipq/a2n7PKx3OHsz4KJII5eveXtPO4qwEXGdVfWzfnI=
github.com/kr/text v0.1.0 h1:45sCR5RtlFHMR4UwH9sdQ5TC8v0qDQCHnXt+kaKSTVE=
github.com/kr/text v0.1.0/go.mod h1:4Jbv+DJW3UT/LiOwJeYQe1efqtUx/iVham/4vfdArNI=
github.com/kralicky/gpkg v0.0.0-20220311205216-0d8ea9557555 h1:w/v9aYd9gdL0pEofCiOM7MWNroB9+HWxHT29Wj2NMYc=
github.com/kralicky/gpkg v0.0.0-20220311205216-0d8ea9557555/go.mod h1:EJrGSfmocDg2CBjHDm3zy9oxNKCSGhf+MNTiN1DRbKA=
github.com/kralicky/grpc-gateway/v2 v2.15.2 h1:Br+ry5CA32dBJaaxKI8PETF7gttNCYNPDQZhvbWs0KQ=
github.com/kralicky/grpc-gateway/v2 v2.15.2/go.mod h1:ePTuViliVBRsU46UlseYjmVkYPUVmF/5hDvzta5WqoU=
github.com/kralicky/protocompile v0.0.0-20230917203155-9c29a5ea0b83 h1:JMM67bd2aH979PT7xBxO1niaGcV+4zJNyffKdbU31d0=
github.com/kralicky/protocompile v0.0.0-20230917203155-9c29a5ea0b83/go.mod h1:KNRvZRPPQS1qbqiapydt1mU2eqBCurP53sWxlN1o5xo=
github.com/kralicky/protols v0.0.0-20231006040922-079c3c15b1ce h1:SVZv/99KLnbm7lubXpzjkhvrWZLxB9I4NutYhUNigRc=
github.com/kralicky/protols v0.0.0-20231006040922-079c3c15b1ce/go.mod h1:Mul9/nZ4SMJgMJ4i3NdG60iinrf5qFZ996ZlAR1r4oU=
github.com/kralicky/protoreflect v0.0.0-20230715173929-cd79ce667f5e h1:wPytBr2M04HEDF2r6H65hOeMgIhdiX7qoEWKaFN9TMA=
github.com/kralicky/protoreflect v0.0.0-20230715173929-cd79ce667f5e/go.mod h1:ZKGLhjFPH/lclZvgyDAm30wTytNif95w4gfplGtZ62g=
github.com/kralicky/tools v0.0.0-20230929154024-2a5e4baf75bc h1:DJyXXg4qqwjrsOikBEvMGz/4koU2oxzfwlTznNWDpqM=
github.com/kralicky/tools v0.0.0-20230929154024-2a5e4baf75bc/go.mod h1:Sc0INKfu04TlqNoRA1hgpFZbhYXHPr4V5DzpSBTPqQM=
github.com/kralicky/tools/gopls v0.0.0-20230929154024-2a5e4baf75bc h1:R2nNYNLNq/lVlpNreFMcIQnSb73JFfUHk8QpBLkCLD4=
github.com/kralicky/tools/gopls v0.0.0-20230929154024-2a5e4baf75bc/go.mod h1:pvFenLZfDRI0oLJSr8B+DRvyjfKp1OU7pU64oWfuXJ4=
github.com/pkg/errors v0.8.1 h1:iURUrRGxPUNPdy5/HRSm+Yj6okJ6UtLINN0Q9M4+h3I=
github.com/pkg/errors v0.8.1/go.mod h1:bwawxfHBFNV+L2hUp1rHADufV3IMtnDRdf1r5NINEl0=
github.com/plar/go-adaptive-radix-tree v1.0.5 h1:rHR89qy/6c24TBAHullFMrJsU9hGlKmPibdBGU6/gbM=
github.com/plar/go-adaptive-radix-tree v1.0.5/go.mod h1:15VOUO7R9MhJL8HOJdpydR0rvanrtRE6fA6XSa/tqWE=
github.com/pmezard/go-difflib v1.0.0 h1:4DBwDE0NGyQoBHbLQYPwSUPoCMWR5BEzIk/f1lZbAQM=
github.com/pmezard/go-difflib v1.0.0/go.mod h1:iKH77koFhYxTK1pcRnkKkqfTogsbg7gZNVY4sRDYZ/4=
github.com/samber/lo v1.38.1 h1:j2XEAqXKb09Am4ebOg31SpvzUTTs6EN3VfgeLUhPdXM=
github.com/samber/lo v1.38.1/go.mod h1:+m/ZKRl6ClXCE2Lgf3MsQlWfh4bn1bz6CXEOxnEXnEA=
github.com/sergi/go-diff v1.1.0 h1:we8PVUC3FE2uYfodKH/nBHMSetSfHDR6scGdBi+erh0=
github.com/sergi/go-diff v1.1.0/go.mod h1:STckp+ISIX8hZLjrqAeVduY0gWCT9IjLuqbuNXdaHfM=
github.com/stretchr/objx v0.1.0/go.mod h1:HFkY916IF+rwdDfMAkV7OtwuqBVzrE8GR6GFx+wExME=
github.com/stretchr/objx v0.4.0/go.mod h1:YvHI0jy2hoMjB+UWwv71VJQ9isScKT/TqJzVSSt89Yw=
github.com/stretchr/objx v0.5.0/go.mod h1:Yh+to48EsGEfYuaHDzXPcE3xhTkx73EhmCGUpEOglKo=
github.com/stretchr/testify v1.7.1/go.mod h1:6Fq8oRcR53rry900zMqJjRRixrwX3KX962/h/Wwjteg=
github.com/stretchr/testify v1.8.0/go.mod h1:yNjHg4UonilssWZ8iaSj1OCr/vHnekPRkoO+kdMU+MU=
github.com/stretchr/testify v1.8.1/go.mod h1:w2LPCIKwWwSfY2zedu0+kehJoqGctiVI29o6fzry7u4=
github.com/stretchr/testify v1.8.4 h1:CcVxjf3Q8PM0mHUKJCdn+eZZtm5yQwehR5yeSVQQcUk=
github.com/stretchr/testify v1.8.4/go.mod h1:sz/lmYIOXD/1dqDmKjjqLyZ2RngseejIcXlSw2iwfAo=
github.com/yuin/goldmark v1.4.13/go.mod h1:6yULJ656Px+3vBD8DxQVa3kxgyrAnzto9xy5taEt/CY=
go.uber.org/atomic v1.11.0 h1:ZvwS0R+56ePWxUNi+Atn9dWONBPp/AUETXlHW0DxSjE=
go.uber.org/atomic v1.11.0/go.mod h1:LUxbIzbOniOlMKjJjyPfpl4v+PKK2cNJn91OQbhoJI0=
go.uber.org/goleak v1.1.11 h1:wy28qYRKZgnJTxGxvye5/wgWr1EKjmUDGYox5mGlRlI=
go.uber.org/goleak v1.1.11/go.mod h1:cwTWslyiVhfpKIDGSZEM2HlOvcqm+tG4zioyIeLoqMQ=
go.uber.org/multierr v1.11.0 h1:blXXJkSxSSfBVBlC76pxqeO+LN3aDfLQo+309xJstO0=
go.uber.org/multierr v1.11.0/go.mod h1:20+QtiLqy0Nd6FdQB9TLXag12DsQkrbs3htMFfDN80Y=
go.uber.org/zap v1.24.0 h1:FiJd5l1UOLj0wCgbSE0rwwXHzEdAZS6hiiSnxJN/D60=
go.uber.org/zap v1.24.0/go.mod h1:2kMP+WWQ8aoFoedH3T2sq6iJ2yDWpHbP0f6MQbS9Gkg=
golang.org/x/crypto v0.12.0/go.mod h1:NF0Gs7EO5K4qLn+Ylc+fih8BSTeIjAP05siRnAh98yw=
golang.org/x/exp v0.0.0-20230522175609-2e198f4a06a1 h1:k/i9J1pBpvlfR+9QsetwPyERsqu1GIbi967PQMq3Ivc=
golang.org/x/exp v0.0.0-20230522175609-2e198f4a06a1/go.mod h1:V1LtkGg67GoY2N1AnLN78QLrzxkLyJw7RJb1gzOOz9w=
golang.org/x/exp/typeparams v0.0.0-20221212164502-fae10dda9338 h1:2O2DON6y3XMJiQRAS1UWU+54aec2uopH3x7MAiqGW6Y=
golang.org/x/exp/typeparams v0.0.0-20221212164502-fae10dda9338/go.mod h1:AbB0pIl9nAr9wVwH+Z2ZpaocVmF5I4GyWCDIsVjR0bk=
golang.org/x/mod v0.8.0/go.mod h1:iBbtSCu2XBx23ZKBPSOrRkjjQPZFPuis4dIYUhu/chs=
golang.org/x/mod v0.12.0 h1:rmsUpXtvNzj340zd98LZ4KntptpfRHwpFOHG188oHXc=
golang.org/x/mod v0.12.0/go.mod h1:iBbtSCu2XBx23ZKBPSOrRkjjQPZFPuis4dIYUhu/chs=
golang.org/x/net v0.10.0/go.mod h1:0qNGK6F8kojg2nk9dLZ2mShWaEBan6FAoqfSigmmuDg=
golang.org/x/net v0.14.0 h1:BONx9s002vGdD9umnlX1Po8vOZmrgH34qlHcD1MfK14=
golang.org/x/net v0.14.0/go.mod h1:PpSgVXXLK0OxS0F31C1/tv6XNguvCrnXIDrFMspZIUI=
golang.org/x/sync v0.3.0 h1:ftCYgMx6zT/asHUrPw8BLLscYtGznsLAnjq5RH9P66E=
golang.org/x/sync v0.3.0/go.mod h1:FU7BRWz2tNW+3quACPkgCx/L+uEAv1htQ0V83Z9Rj+Y=
golang.org/x/sys v0.5.0/go.mod h1:oPkhp1MJrh7nUepCBck5+mAzfO9JrbApNNgaTdGDITg=
golang.org/x/sys v0.8.0/go.mod h1:oPkhp1MJrh7nUepCBck5+mAzfO9JrbApNNgaTdGDITg=
golang.org/x/sys v0.11.0 h1:eG7RXZHdqOJ1i+0lgLgCpSXAp6M3LYlAo6osgSi0xOM=
golang.org/x/sys v0.11.0/go.mod h1:oPkhp1MJrh7nUepCBck5+mAzfO9JrbApNNgaTdGDITg=
golang.org/x/telemetry v0.0.0-20230808152233-a65b40c0fdb0 h1:ZB9hzIbPBkRCCOVWOmfZEI5f6YiTbRAq6LK2x/StgiU=
golang.org/x/telemetry v0.0.0-20230808152233-a65b40c0fdb0/go.mod h1:kO7uNSGGmqCHII6C0TYfaLwSBIfcyhj53//nu0+Fy4A=
golang.org/x/term v0.8.0/go.mod h1:xPskH00ivmX89bAKVGSKKtLOWNx2+17Eiy94tnKShWo=
golang.org/x/term v0.11.0/go.mod h1:zC9APTIj3jG3FdV/Ons+XE1riIZXG4aZ4GTHiPZJPIU=
golang.org/x/text v0.9.0/go.mod h1:e1OnstbJyHTd6l/uOt8jFFHp6TRDWZR/bV3emEE/zU8=
golang.org/x/text v0.12.0 h1:k+n5B8goJNdU7hSvEtMUz3d1Q6D/XW4COJSJR6fN0mc=
golang.org/x/text v0.12.0/go.mod h1:TvPlkZtksWOMsz7fbANvkp4WM8x/WCo/om8BMLbz+aE=
golang.org/x/vuln v0.0.0-20230110180137-6ad3e3d07815 h1:A9kONVi4+AnuOr1dopsibH6hLi1Huy54cbeJxnq4vmU=
golang.org/x/vuln v0.0.0-20230110180137-6ad3e3d07815/go.mod h1:XJiVExZgoZfrrxoTeVsFYrSSk1snhfpOEC95JL+A4T0=
golang.org/x/xerrors v0.0.0-20191204190536-9bdfabe68543/go.mod h1:I/5z698sn9Ka8TeJc9MKroUUfqBBauWjQqLJ2OPfmY0=
google.golang.org/genproto v0.0.0-20231002182017-d307bd883b97 h1:SeZZZx0cP0fqUyA+oRzP9k7cSwJlvDFiROO72uwD6i0=
google.golang.org/genproto v0.0.0-20231002182017-d307bd883b97/go.mod h1:t1VqOqqvce95G3hIDCT5FeO3YUc6Q4Oe24L/+rNMxRk=
google.golang.org/genproto/googleapis/api v0.0.0-20231002182017-d307bd883b97 h1:W18sezcAYs+3tDZX4F80yctqa12jcP1PUS2gQu1zTPU=
google.golang.org/genproto/googleapis/api v0.0.0-20231002182017-d307bd883b97/go.mod h1:iargEX0SFPm3xcfMI0d1domjg0ZF4Aa0p2awqyxhvF0=
google.golang.org/genproto/googleapis/rpc v0.0.0-20231002182017-d307bd883b97 h1:6GQBEOdGkX6MMTLT9V+TjtIRZCw9VPD5Z+yHY9wMgS0=
google.golang.org/genproto/googleapis/rpc v0.0.0-20231002182017-d307bd883b97/go.mod h1:v7nGkzlmW8P3n/bKmWBn2WpBjpOEx8Q6gMueudAmKfY=
google.golang.org/grpc v1.58.2 h1:SXUpjxeVF3FKrTYQI4f4KvbGD5u2xccdYdurwowix5I=
google.golang.org/grpc v1.58.2/go.mod h1:tgX3ZQDlNJGU96V6yHh1T/JeoBQ2TXdr43YbYSsCJk0=
google.golang.org/protobuf v1.26.0-rc.1/go.mod h1:jlhhOSvTdKEhbULTjvd4ARK9grFBp09yW+WbY/TyQbw=
google.golang.org/protobuf v1.26.0/go.mod h1:9q0QmTI4eRPtz6boOQmLYwt+qCgq0jsYwAQnmE0givc=
google.golang.org/protobuf v1.31.0 h1:g0LDEJHgrBl9N9r17Ru3sqWhkIx2NB67okBHPwC7hs8=
google.golang.org/protobuf v1.31.0/go.mod h1:HV8QOd/L58Z+nl8r43ehVNZIU/HEI6OcFqwMG9pJV4I=
gopkg.in/check.v1 v0.0.0-20161208181325-20d25e280405/go.mod h1:Co6ibVJAznAaIkqp8huTwlJQCZ016jof/cbN4VW5Yz0=
gopkg.in/check.v1 v1.0.0-20201130134442-10cb98267c6c h1:Hei/4ADfdWqJk1ZMxUNpqntNwaWcugrBjAiHlqqRiVk=
gopkg.in/check.v1 v1.0.0-20201130134442-10cb98267c6c/go.mod h1:JHkPIbrfpd72SG/EVd6muEfDQjcINNoR0C8j2r3qZ4Q=
gopkg.in/yaml.v3 v3.0.0-20200313102051-9f266ea9e77c/go.mod h1:K4uyk7z7BCEPqu6E+C64Yfv1cQ7kz7rIZviUmN+EgEM=
gopkg.in/yaml.v3 v3.0.1 h1:fxVm/GzAzEWqLHuvctI91KS9hhNmmWOoWu0XTYJS7CA=
gopkg.in/yaml.v3 v3.0.1/go.mod h1:K4uyk7z7BCEPqu6E+C64Yfv1cQ7kz7rIZviUmN+EgEM=
honnef.co/go/tools v0.4.2 h1:6qXr+R5w+ktL5UkwEbPp+fEvfyoMPche6GkOpGHZcLc=
honnef.co/go/tools v0.4.2/go.mod h1:36ZgoUOrqOk1GxwHhyryEkq8FQWkUO2xGuSMhUCcdvA=
mvdan.cc/gofumpt v0.4.0 h1:JVf4NN1mIpHogBj7ABpgOyZc65/UUOkKQFkoURsz4MM=
mvdan.cc/gofumpt v0.4.0/go.mod h1:PljLOHDeZqgS8opHRKLzp2It2VBuSdteAgqUfzMTxlQ=
mvdan.cc/unparam v0.0.0-20211214103731-d0ef000c54e5 h1:Jh3LAeMt1eGpxomyu3jVkmVZWW2MxZ1qIIV2TZ/nRio=
mvdan.cc/unparam v0.0.0-20211214103731-d0ef000c54e5/go.mod h1:b8RRCBm0eeiWR8cfN88xeq2G5SG3VKGO+5UPWi5FSOY=
mvdan.cc/xurls/v2 v2.4.0 h1:tzxjVAj+wSBmDcF6zBB7/myTy3gX9xvi8Tyr28AuQgc=
mvdan.cc/xurls/v2 v2.4.0/go.mod h1:+GEjq9uNjqs8LQfM9nVnM8rff0OQ5Iash5rzX+N1CSg=
